// !$*UTF8*$!
{
	archiveVersion = 1;
	classes = {
	};
	objectVersion = 51;
	objects = {

/* Begin PBXBuildFile section */
		1BB599C3E09A54A62BA46DE7 /* Pods_BasicRxSwift.framework in Frameworks */ = {isa = PBXBuildFile; fileRef = 2883B6787E7A8140A3E15B95 /* Pods_BasicRxSwift.framework */; };
		9E1CE20F24F64AE20096CC1F /* MusicListViewController.swift in Sources */ = {isa = PBXBuildFile; fileRef = 9E1CE20D24F64AE20096CC1F /* MusicListViewController.swift */; };
		9E1CE21024F64AE20096CC1F /* MusicListViewController.xib in Resources */ = {isa = PBXBuildFile; fileRef = 9E1CE20E24F64AE20096CC1F /* MusicListViewController.xib */; };
		9E1CE21424F64B0E0096CC1F /* MusicCell.swift in Sources */ = {isa = PBXBuildFile; fileRef = 9E1CE21224F64B0E0096CC1F /* MusicCell.swift */; };
		9E1CE21524F64B0E0096CC1F /* MusicCell.xib in Resources */ = {isa = PBXBuildFile; fileRef = 9E1CE21324F64B0E0096CC1F /* MusicCell.xib */; };
		9E1CE21724F651E20096CC1F /* Music.swift in Sources */ = {isa = PBXBuildFile; fileRef = 9E1CE21624F651E20096CC1F /* Music.swift */; };
		9E235B762511F55D0019AAE2 /* CLLocationManager+Rx.swift in Sources */ = {isa = PBXBuildFile; fileRef = 9E235B752511F55D0019AAE2 /* CLLocationManager+Rx.swift */; };
		9E2B625B24E000F50020698A /* Helper.swift in Sources */ = {isa = PBXBuildFile; fileRef = 9E2B625A24E000F50020698A /* Helper.swift */; };
		9E2D810924EC197D0035F10B /* BaseViewController.swift in Sources */ = {isa = PBXBuildFile; fileRef = 9E2D810724EC197D0035F10B /* BaseViewController.swift */; };
		9E2D810A24EC197D0035F10B /* BaseViewController.xib in Resources */ = {isa = PBXBuildFile; fileRef = 9E2D810824EC197D0035F10B /* BaseViewController.xib */; };
		9E2FBB8724F90AC80055631C /* DrinksViewController.swift in Sources */ = {isa = PBXBuildFile; fileRef = 9E2FBB8524F90AC80055631C /* DrinksViewController.swift */; };
		9E2FBB8824F90AC80055631C /* DrinksViewController.xib in Resources */ = {isa = PBXBuildFile; fileRef = 9E2FBB8624F90AC80055631C /* DrinksViewController.xib */; };
		9E2FBB8B24F90C050055631C /* DrinkCell.swift in Sources */ = {isa = PBXBuildFile; fileRef = 9E2FBB8924F90C050055631C /* DrinkCell.swift */; };
		9E2FBB8C24F90C050055631C /* DrinkCell.xib in Resources */ = {isa = PBXBuildFile; fileRef = 9E2FBB8A24F90C050055631C /* DrinkCell.xib */; };
		9E6F4D2024FFA0BC00FA2053 /* WeatherCityViewController.xib in Resources */ = {isa = PBXBuildFile; fileRef = 9E6F4D1E24FFA0BC00FA2053 /* WeatherCityViewController.xib */; };
		9E6F4D2124FFA0BC00FA2053 /* WeatherCityViewController.swift in Sources */ = {isa = PBXBuildFile; fileRef = 9E6F4D1F24FFA0BC00FA2053 /* WeatherCityViewController.swift */; };
		9E6F4D2324FFAAA700FA2053 /* WeatherAPI.swift in Sources */ = {isa = PBXBuildFile; fileRef = 9E6F4D2224FFAAA700FA2053 /* WeatherAPI.swift */; };
		9E6F4D2624FFAAE300FA2053 /* Weather.swift in Sources */ = {isa = PBXBuildFile; fileRef = 9E6F4D2524FFAAE300FA2053 /* Weather.swift */; };
		9E77136624F8B58E0013E6AE /* CocktailViewController.swift in Sources */ = {isa = PBXBuildFile; fileRef = 9E77136424F8B58E0013E6AE /* CocktailViewController.swift */; };
		9E77136724F8B58E0013E6AE /* CocktailViewController.xib in Resources */ = {isa = PBXBuildFile; fileRef = 9E77136524F8B58E0013E6AE /* CocktailViewController.xib */; };
		9E77136C24F8B88D0013E6AE /* CocktailCategory.swift in Sources */ = {isa = PBXBuildFile; fileRef = 9E77136B24F8B88D0013E6AE /* CocktailCategory.swift */; };
		9E77136E24F8B8FF0013E6AE /* Drink.swift in Sources */ = {isa = PBXBuildFile; fileRef = 9E77136D24F8B8FF0013E6AE /* Drink.swift */; };
		9E77137024F8BA3A0013E6AE /* Networking.swift in Sources */ = {isa = PBXBuildFile; fileRef = 9E77136F24F8BA3A0013E6AE /* Networking.swift */; };
		9E77137224F8BE8D0013E6AE /* NetworkingResult.swift in Sources */ = {isa = PBXBuildFile; fileRef = 9E77137124F8BE8D0013E6AE /* NetworkingResult.swift */; };
		9E77137424F8BEC40013E6AE /* NetworkingError.swift in Sources */ = {isa = PBXBuildFile; fileRef = 9E77137324F8BEC40013E6AE /* NetworkingError.swift */; };
		9E8271F124DFFD5B00566D4E /* AppDelegate.swift in Sources */ = {isa = PBXBuildFile; fileRef = 9E8271F024DFFD5B00566D4E /* AppDelegate.swift */; };
		9E8271F324DFFD5B00566D4E /* SceneDelegate.swift in Sources */ = {isa = PBXBuildFile; fileRef = 9E8271F224DFFD5B00566D4E /* SceneDelegate.swift */; };
		9E8271FA24DFFD5D00566D4E /* Assets.xcassets in Resources */ = {isa = PBXBuildFile; fileRef = 9E8271F924DFFD5D00566D4E /* Assets.xcassets */; };
		9E8271FD24DFFD5D00566D4E /* LaunchScreen.storyboard in Resources */ = {isa = PBXBuildFile; fileRef = 9E8271FB24DFFD5D00566D4E /* LaunchScreen.storyboard */; };
		9E85ED4124EAB9DC002EBED8 /* ChangeAvatarViewController.swift in Sources */ = {isa = PBXBuildFile; fileRef = 9E85ED3F24EAB9DC002EBED8 /* ChangeAvatarViewController.swift */; };
		9E85ED4224EAB9DC002EBED8 /* ChangeAvatarViewController.xib in Resources */ = {isa = PBXBuildFile; fileRef = 9E85ED4024EAB9DC002EBED8 /* ChangeAvatarViewController.xib */; };
		9E85ED4624EABA73002EBED8 /* AvatarCell.swift in Sources */ = {isa = PBXBuildFile; fileRef = 9E85ED4424EABA73002EBED8 /* AvatarCell.swift */; };
		9E85ED4724EABA73002EBED8 /* AvatarCell.xib in Resources */ = {isa = PBXBuildFile; fileRef = 9E85ED4524EABA73002EBED8 /* AvatarCell.xib */; };
		9EBC073124EBBABC007E3937 /* RegisterModel.swift in Sources */ = {isa = PBXBuildFile; fileRef = 9EBC073024EBBABC007E3937 /* RegisterModel.swift */; };
		9EE3D38C24E7D7D900B70216 /* RegisterViewController.swift in Sources */ = {isa = PBXBuildFile; fileRef = 9EE3D38A24E7D7D900B70216 /* RegisterViewController.swift */; };
		9EE3D38D24E7D7D900B70216 /* RegisterViewController.xib in Resources */ = {isa = PBXBuildFile; fileRef = 9EE3D38B24E7D7D900B70216 /* RegisterViewController.xib */; };
/* End PBXBuildFile section */

/* Begin PBXFileReference section */
		2883B6787E7A8140A3E15B95 /* Pods_BasicRxSwift.framework */ = {isa = PBXFileReference; explicitFileType = wrapper.framework; includeInIndex = 0; path = Pods_BasicRxSwift.framework; sourceTree = BUILT_PRODUCTS_DIR; };
		2F38075EE5F477ED74506775 /* Pods-BasicRxSwift.debug.xcconfig */ = {isa = PBXFileReference; includeInIndex = 1; lastKnownFileType = text.xcconfig; name = "Pods-BasicRxSwift.debug.xcconfig"; path = "Target Support Files/Pods-BasicRxSwift/Pods-BasicRxSwift.debug.xcconfig"; sourceTree = "<group>"; };
		9E1CE20D24F64AE20096CC1F /* MusicListViewController.swift */ = {isa = PBXFileReference; lastKnownFileType = sourcecode.swift; path = MusicListViewController.swift; sourceTree = "<group>"; };
		9E1CE20E24F64AE20096CC1F /* MusicListViewController.xib */ = {isa = PBXFileReference; lastKnownFileType = file.xib; path = MusicListViewController.xib; sourceTree = "<group>"; };
		9E1CE21224F64B0E0096CC1F /* MusicCell.swift */ = {isa = PBXFileReference; lastKnownFileType = sourcecode.swift; path = MusicCell.swift; sourceTree = "<group>"; };
		9E1CE21324F64B0E0096CC1F /* MusicCell.xib */ = {isa = PBXFileReference; lastKnownFileType = file.xib; path = MusicCell.xib; sourceTree = "<group>"; };
		9E1CE21624F651E20096CC1F /* Music.swift */ = {isa = PBXFileReference; lastKnownFileType = sourcecode.swift; path = Music.swift; sourceTree = "<group>"; };
		9E1D186924EC172E00D43A85 /* Filtering_Operators.playground */ = {isa = PBXFileReference; lastKnownFileType = file.playground; path = Filtering_Operators.playground; sourceTree = "<group>"; xcLanguageSpecificationIdentifier = xcode.lang.swift; };
		9E1D186A24EC17A900D43A85 /* Transforming_Operators.playground */ = {isa = PBXFileReference; lastKnownFileType = file.playground; path = Transforming_Operators.playground; sourceTree = "<group>"; xcLanguageSpecificationIdentifier = xcode.lang.swift; };
		9E1D186B24EC17F600D43A85 /* Combining_Operators.playground */ = {isa = PBXFileReference; lastKnownFileType = file.playground; path = Combining_Operators.playground; sourceTree = "<group>"; xcLanguageSpecificationIdentifier = xcode.lang.swift; };
		9E1D186C24EC183800D43A85 /* TimeBased_Operators.playground */ = {isa = PBXFileReference; lastKnownFileType = file.playground; path = TimeBased_Operators.playground; sourceTree = "<group>"; xcLanguageSpecificationIdentifier = xcode.lang.swift; };
		9E235B752511F55D0019AAE2 /* CLLocationManager+Rx.swift */ = {isa = PBXFileReference; lastKnownFileType = sourcecode.swift; path = "CLLocationManager+Rx.swift"; sourceTree = "<group>"; };
		9E2B625A24E000F50020698A /* Helper.swift */ = {isa = PBXFileReference; lastKnownFileType = sourcecode.swift; path = Helper.swift; sourceTree = "<group>"; };
		9E2D810724EC197D0035F10B /* BaseViewController.swift */ = {isa = PBXFileReference; lastKnownFileType = sourcecode.swift; path = BaseViewController.swift; sourceTree = "<group>"; };
		9E2D810824EC197D0035F10B /* BaseViewController.xib */ = {isa = PBXFileReference; lastKnownFileType = file.xib; path = BaseViewController.xib; sourceTree = "<group>"; };
		9E2FBB8524F90AC80055631C /* DrinksViewController.swift */ = {isa = PBXFileReference; lastKnownFileType = sourcecode.swift; path = DrinksViewController.swift; sourceTree = "<group>"; };
		9E2FBB8624F90AC80055631C /* DrinksViewController.xib */ = {isa = PBXFileReference; lastKnownFileType = file.xib; path = DrinksViewController.xib; sourceTree = "<group>"; };
		9E2FBB8924F90C050055631C /* DrinkCell.swift */ = {isa = PBXFileReference; lastKnownFileType = sourcecode.swift; path = DrinkCell.swift; sourceTree = "<group>"; };
		9E2FBB8A24F90C050055631C /* DrinkCell.xib */ = {isa = PBXFileReference; lastKnownFileType = file.xib; path = DrinkCell.xib; sourceTree = "<group>"; };
		9E492D6B24E57DA600F08820 /* Subjects.playground */ = {isa = PBXFileReference; lastKnownFileType = file.playground; path = Subjects.playground; sourceTree = "<group>"; xcLanguageSpecificationIdentifier = xcode.lang.swift; };
		9E6C192724E4C3C300A19DE6 /* DisposeBag.playground */ = {isa = PBXFileReference; lastKnownFileType = file.playground; path = DisposeBag.playground; sourceTree = "<group>"; xcLanguageSpecificationIdentifier = xcode.lang.swift; };
		9E6C192824E4E6EE00A19DE6 /* Factories.playground */ = {isa = PBXFileReference; lastKnownFileType = file.playground; path = Factories.playground; sourceTree = "<group>"; xcLanguageSpecificationIdentifier = xcode.lang.swift; };
		9E6C192924E4F5DD00A19DE6 /* Traits.playground */ = {isa = PBXFileReference; lastKnownFileType = file.playground; path = Traits.playground; sourceTree = "<group>"; xcLanguageSpecificationIdentifier = xcode.lang.swift; };
		9E6F4D1E24FFA0BC00FA2053 /* WeatherCityViewController.xib */ = {isa = PBXFileReference; fileEncoding = 4; lastKnownFileType = file.xib; path = WeatherCityViewController.xib; sourceTree = "<group>"; };
		9E6F4D1F24FFA0BC00FA2053 /* WeatherCityViewController.swift */ = {isa = PBXFileReference; fileEncoding = 4; lastKnownFileType = sourcecode.swift; path = WeatherCityViewController.swift; sourceTree = "<group>"; };
		9E6F4D2224FFAAA700FA2053 /* WeatherAPI.swift */ = {isa = PBXFileReference; lastKnownFileType = sourcecode.swift; path = WeatherAPI.swift; sourceTree = "<group>"; };
		9E6F4D2524FFAAE300FA2053 /* Weather.swift */ = {isa = PBXFileReference; lastKnownFileType = sourcecode.swift; path = Weather.swift; sourceTree = "<group>"; };
		9E77136424F8B58E0013E6AE /* CocktailViewController.swift */ = {isa = PBXFileReference; lastKnownFileType = sourcecode.swift; path = CocktailViewController.swift; sourceTree = "<group>"; };
		9E77136524F8B58E0013E6AE /* CocktailViewController.xib */ = {isa = PBXFileReference; lastKnownFileType = file.xib; path = CocktailViewController.xib; sourceTree = "<group>"; };
		9E77136B24F8B88D0013E6AE /* CocktailCategory.swift */ = {isa = PBXFileReference; lastKnownFileType = sourcecode.swift; path = CocktailCategory.swift; sourceTree = "<group>"; };
		9E77136D24F8B8FF0013E6AE /* Drink.swift */ = {isa = PBXFileReference; lastKnownFileType = sourcecode.swift; path = Drink.swift; sourceTree = "<group>"; };
		9E77136F24F8BA3A0013E6AE /* Networking.swift */ = {isa = PBXFileReference; lastKnownFileType = sourcecode.swift; path = Networking.swift; sourceTree = "<group>"; };
		9E77137124F8BE8D0013E6AE /* NetworkingResult.swift */ = {isa = PBXFileReference; lastKnownFileType = sourcecode.swift; path = NetworkingResult.swift; sourceTree = "<group>"; };
		9E77137324F8BEC40013E6AE /* NetworkingError.swift */ = {isa = PBXFileReference; lastKnownFileType = sourcecode.swift; path = NetworkingError.swift; sourceTree = "<group>"; };
		9E8271ED24DFFD5B00566D4E /* BasicRxSwift.app */ = {isa = PBXFileReference; explicitFileType = wrapper.application; includeInIndex = 0; path = BasicRxSwift.app; sourceTree = BUILT_PRODUCTS_DIR; };
		9E8271F024DFFD5B00566D4E /* AppDelegate.swift */ = {isa = PBXFileReference; lastKnownFileType = sourcecode.swift; path = AppDelegate.swift; sourceTree = "<group>"; };
		9E8271F224DFFD5B00566D4E /* SceneDelegate.swift */ = {isa = PBXFileReference; lastKnownFileType = sourcecode.swift; path = SceneDelegate.swift; sourceTree = "<group>"; };
		9E8271F924DFFD5D00566D4E /* Assets.xcassets */ = {isa = PBXFileReference; lastKnownFileType = folder.assetcatalog; path = Assets.xcassets; sourceTree = "<group>"; };
		9E8271FC24DFFD5D00566D4E /* Base */ = {isa = PBXFileReference; lastKnownFileType = file.storyboard; name = Base; path = Base.lproj/LaunchScreen.storyboard; sourceTree = "<group>"; };
		9E8271FE24DFFD5D00566D4E /* Info.plist */ = {isa = PBXFileReference; lastKnownFileType = text.plist.xml; path = Info.plist; sourceTree = "<group>"; };
		9E82720424DFFEDE00566D4E /* HelloRx.playground */ = {isa = PBXFileReference; lastKnownFileType = file.playground; path = HelloRx.playground; sourceTree = "<group>"; xcLanguageSpecificationIdentifier = xcode.lang.swift; };
		9E85ED3F24EAB9DC002EBED8 /* ChangeAvatarViewController.swift */ = {isa = PBXFileReference; lastKnownFileType = sourcecode.swift; path = ChangeAvatarViewController.swift; sourceTree = "<group>"; };
		9E85ED4024EAB9DC002EBED8 /* ChangeAvatarViewController.xib */ = {isa = PBXFileReference; lastKnownFileType = file.xib; path = ChangeAvatarViewController.xib; sourceTree = "<group>"; };
		9E85ED4424EABA73002EBED8 /* AvatarCell.swift */ = {isa = PBXFileReference; lastKnownFileType = sourcecode.swift; path = AvatarCell.swift; sourceTree = "<group>"; };
		9E85ED4524EABA73002EBED8 /* AvatarCell.xib */ = {isa = PBXFileReference; lastKnownFileType = file.xib; path = AvatarCell.xib; sourceTree = "<group>"; };
		9EBC073024EBBABC007E3937 /* RegisterModel.swift */ = {isa = PBXFileReference; lastKnownFileType = sourcecode.swift; path = RegisterModel.swift; sourceTree = "<group>"; };
		9EE3D38A24E7D7D900B70216 /* RegisterViewController.swift */ = {isa = PBXFileReference; lastKnownFileType = sourcecode.swift; path = RegisterViewController.swift; sourceTree = "<group>"; };
		9EE3D38B24E7D7D900B70216 /* RegisterViewController.xib */ = {isa = PBXFileReference; lastKnownFileType = file.xib; path = RegisterViewController.xib; sourceTree = "<group>"; };
		9EF7736A24E250DF00CEFCE9 /* Observables.playground */ = {isa = PBXFileReference; lastKnownFileType = file.playground; path = Observables.playground; sourceTree = "<group>"; xcLanguageSpecificationIdentifier = xcode.lang.swift; };
		CC5B211EEA9EC719146C8C44 /* Pods-BasicRxSwift.release.xcconfig */ = {isa = PBXFileReference; includeInIndex = 1; lastKnownFileType = text.xcconfig; name = "Pods-BasicRxSwift.release.xcconfig"; path = "Target Support Files/Pods-BasicRxSwift/Pods-BasicRxSwift.release.xcconfig"; sourceTree = "<group>"; };
/* End PBXFileReference section */

/* Begin PBXFrameworksBuildPhase section */
		9E8271EA24DFFD5B00566D4E /* Frameworks */ = {
			isa = PBXFrameworksBuildPhase;
			buildActionMask = 2147483647;
			files = (
				1BB599C3E09A54A62BA46DE7 /* Pods_BasicRxSwift.framework in Frameworks */,
			);
			runOnlyForDeploymentPostprocessing = 0;
		};
/* End PBXFrameworksBuildPhase section */

/* Begin PBXGroup section */
		060B78E8989B55FFA66D5D13 /* Pods */ = {
			isa = PBXGroup;
			children = (
				2F38075EE5F477ED74506775 /* Pods-BasicRxSwift.debug.xcconfig */,
				CC5B211EEA9EC719146C8C44 /* Pods-BasicRxSwift.release.xcconfig */,
			);
			path = Pods;
			sourceTree = "<group>";
		};
		28A788A7FD5014F6E88E4D89 /* Frameworks */ = {
			isa = PBXGroup;
			children = (
				2883B6787E7A8140A3E15B95 /* Pods_BasicRxSwift.framework */,
			);
			name = Frameworks;
			sourceTree = "<group>";
		};
		9E1350EF24E7D8CC000232DF /* Resources */ = {
			isa = PBXGroup;
			children = (
				9E8271F924DFFD5D00566D4E /* Assets.xcassets */,
				9E8271FB24DFFD5D00566D4E /* LaunchScreen.storyboard */,
			);
			path = Resources;
			sourceTree = "<group>";
		};
		9E1CE20C24F64A380096CC1F /* 02 */ = {
			isa = PBXGroup;
			children = (
				9E1CE21124F64AF30096CC1F /* Cell */,
				9E1CE20D24F64AE20096CC1F /* MusicListViewController.swift */,
				9E1CE20E24F64AE20096CC1F /* MusicListViewController.xib */,
			);
			path = 02;
			sourceTree = "<group>";
		};
		9E1CE21124F64AF30096CC1F /* Cell */ = {
			isa = PBXGroup;
			children = (
				9E1CE21224F64B0E0096CC1F /* MusicCell.swift */,
				9E1CE21324F64B0E0096CC1F /* MusicCell.xib */,
			);
			path = Cell;
			sourceTree = "<group>";
		};
		9E1D186724EC169600D43A85 /* 01_BasicRxSwift */ = {
			isa = PBXGroup;
			children = (
				9E82720424DFFEDE00566D4E /* HelloRx.playground */,
				9EF7736A24E250DF00CEFCE9 /* Observables.playground */,
				9E6C192724E4C3C300A19DE6 /* DisposeBag.playground */,
				9E6C192824E4E6EE00A19DE6 /* Factories.playground */,
				9E6C192924E4F5DD00A19DE6 /* Traits.playground */,
				9E492D6B24E57DA600F08820 /* Subjects.playground */,
			);
			path = 01_BasicRxSwift;
			sourceTree = "<group>";
		};
		9E1D186824EC16C700D43A85 /* 02_Operators */ = {
			isa = PBXGroup;
			children = (
				9E1D186924EC172E00D43A85 /* Filtering_Operators.playground */,
				9E1D186A24EC17A900D43A85 /* Transforming_Operators.playground */,
				9E1D186B24EC17F600D43A85 /* Combining_Operators.playground */,
				9E1D186C24EC183800D43A85 /* TimeBased_Operators.playground */,
			);
			path = 02_Operators;
			sourceTree = "<group>";
		};
		9E235B742511F5440019AAE2 /* Exts */ = {
			isa = PBXGroup;
			children = (
				9E235B752511F55D0019AAE2 /* CLLocationManager+Rx.swift */,
			);
			path = Exts;
			sourceTree = "<group>";
		};
		9E2D810624EC19610035F10B /* Base */ = {
			isa = PBXGroup;
			children = (
				9E2D810724EC197D0035F10B /* BaseViewController.swift */,
				9E2D810824EC197D0035F10B /* BaseViewController.xib */,
			);
			path = Base;
			sourceTree = "<group>";
		};
		9E2D810B24EC1CAC0035F10B /* 01 */ = {
			isa = PBXGroup;
			children = (
				9E85ED3E24EAB9B6002EBED8 /* ChangeAvatar */,
				9EE3D38924E7D7BF00B70216 /* Register */,
			);
			path = 01;
			sourceTree = "<group>";
		};
		9E6F4D1924FFA03B00FA2053 /* 04 */ = {
			isa = PBXGroup;
			children = (
				9E6F4D1F24FFA0BC00FA2053 /* WeatherCityViewController.swift */,
				9E6F4D1E24FFA0BC00FA2053 /* WeatherCityViewController.xib */,
			);
			path = 04;
			sourceTree = "<group>";
		};
		9E6F4D2424FFAAB500FA2053 /* WeatherAPI */ = {
			isa = PBXGroup;
			children = (
				9E6F4D2224FFAAA700FA2053 /* WeatherAPI.swift */,
				9E6F4D2524FFAAE300FA2053 /* Weather.swift */,
			);
			path = WeatherAPI;
			sourceTree = "<group>";
		};
		9E77136324F8B5400013E6AE /* 03 */ = {
			isa = PBXGroup;
			children = (
				9E77136824F8B5B10013E6AE /* cell */,
				9E77136424F8B58E0013E6AE /* CocktailViewController.swift */,
				9E77136524F8B58E0013E6AE /* CocktailViewController.xib */,
				9E2FBB8524F90AC80055631C /* DrinksViewController.swift */,
				9E2FBB8624F90AC80055631C /* DrinksViewController.xib */,
			);
			path = 03;
			sourceTree = "<group>";
		};
		9E77136824F8B5B10013E6AE /* cell */ = {
			isa = PBXGroup;
			children = (
				9E2FBB8924F90C050055631C /* DrinkCell.swift */,
				9E2FBB8A24F90C050055631C /* DrinkCell.xib */,
			);
			path = cell;
			sourceTree = "<group>";
		};
		9E77136924F8B81A0013E6AE /* Entities */ = {
			isa = PBXGroup;
			children = (
				9E1CE21624F651E20096CC1F /* Music.swift */,
				9E77136B24F8B88D0013E6AE /* CocktailCategory.swift */,
				9E77136D24F8B8FF0013E6AE /* Drink.swift */,
			);
			path = Entities;
			sourceTree = "<group>";
		};
		9E77136A24F8B8320013E6AE /* NetworkingModel */ = {
			isa = PBXGroup;
			children = (
				9E77136F24F8BA3A0013E6AE /* Networking.swift */,
				9E77137124F8BE8D0013E6AE /* NetworkingResult.swift */,
				9E77137324F8BEC40013E6AE /* NetworkingError.swift */,
			);
			path = NetworkingModel;
			sourceTree = "<group>";
		};
		9E8271E424DFFD5B00566D4E = {
			isa = PBXGroup;
			children = (
				9E1D186724EC169600D43A85 /* 01_BasicRxSwift */,
				9E1D186824EC16C700D43A85 /* 02_Operators */,
				9E8271EF24DFFD5B00566D4E /* BasicRxSwift */,
				9E8271EE24DFFD5B00566D4E /* Products */,
				060B78E8989B55FFA66D5D13 /* Pods */,
				28A788A7FD5014F6E88E4D89 /* Frameworks */,
			);
			sourceTree = "<group>";
		};
		9E8271EE24DFFD5B00566D4E /* Products */ = {
			isa = PBXGroup;
			children = (
				9E8271ED24DFFD5B00566D4E /* BasicRxSwift.app */,
			);
			name = Products;
			sourceTree = "<group>";
		};
		9E8271EF24DFFD5B00566D4E /* BasicRxSwift */ = {
			isa = PBXGroup;
			children = (
				9EE3D38724E7D77300B70216 /* AppDelegate */,
				9E82720524DFFF2000566D4E /* Helper */,
				9EBC072F24EBBA93007E3937 /* Models */,
				9EE3D38824E7D7B100B70216 /* Controllers */,
				9E1350EF24E7D8CC000232DF /* Resources */,
				9E8271FE24DFFD5D00566D4E /* Info.plist */,
			);
			path = BasicRxSwift;
			sourceTree = "<group>";
		};
		9E82720524DFFF2000566D4E /* Helper */ = {
			isa = PBXGroup;
			children = (
				9E2B625A24E000F50020698A /* Helper.swift */,
			);
			path = Helper;
			sourceTree = "<group>";
		};
		9E85ED3E24EAB9B6002EBED8 /* ChangeAvatar */ = {
			isa = PBXGroup;
			children = (
				9E85ED4324EABA4D002EBED8 /* Cell */,
				9E85ED3F24EAB9DC002EBED8 /* ChangeAvatarViewController.swift */,
				9E85ED4024EAB9DC002EBED8 /* ChangeAvatarViewController.xib */,
			);
			path = ChangeAvatar;
			sourceTree = "<group>";
		};
		9E85ED4324EABA4D002EBED8 /* Cell */ = {
			isa = PBXGroup;
			children = (
				9E85ED4424EABA73002EBED8 /* AvatarCell.swift */,
				9E85ED4524EABA73002EBED8 /* AvatarCell.xib */,
			);
			path = Cell;
			sourceTree = "<group>";
		};
		9EBC072F24EBBA93007E3937 /* Models */ = {
			isa = PBXGroup;
			children = (
				9E235B742511F5440019AAE2 /* Exts */,
				9E6F4D2424FFAAB500FA2053 /* WeatherAPI */,
				9E77136A24F8B8320013E6AE /* NetworkingModel */,
				9E77136924F8B81A0013E6AE /* Entities */,
				9EBC073024EBBABC007E3937 /* RegisterModel.swift */,
			);
			path = Models;
			sourceTree = "<group>";
		};
		9EE3D38724E7D77300B70216 /* AppDelegate */ = {
			isa = PBXGroup;
			children = (
				9E8271F024DFFD5B00566D4E /* AppDelegate.swift */,
				9E8271F224DFFD5B00566D4E /* SceneDelegate.swift */,
			);
			path = AppDelegate;
			sourceTree = "<group>";
		};
		9EE3D38824E7D7B100B70216 /* Controllers */ = {
			isa = PBXGroup;
			children = (
				9E6F4D1924FFA03B00FA2053 /* 04 */,
				9E77136324F8B5400013E6AE /* 03 */,
				9E1CE20C24F64A380096CC1F /* 02 */,
				9E2D810B24EC1CAC0035F10B /* 01 */,
				9E2D810624EC19610035F10B /* Base */,
			);
			path = Controllers;
			sourceTree = "<group>";
		};
		9EE3D38924E7D7BF00B70216 /* Register */ = {
			isa = PBXGroup;
			children = (
				9EE3D38A24E7D7D900B70216 /* RegisterViewController.swift */,
				9EE3D38B24E7D7D900B70216 /* RegisterViewController.xib */,
			);
			path = Register;
			sourceTree = "<group>";
		};
/* End PBXGroup section */

/* Begin PBXNativeTarget section */
		9E8271EC24DFFD5B00566D4E /* BasicRxSwift */ = {
			isa = PBXNativeTarget;
			buildConfigurationList = 9E82720124DFFD5D00566D4E /* Build configuration list for PBXNativeTarget "BasicRxSwift" */;
			buildPhases = (
				7E08D1260E43B105397DF612 /* [CP] Check Pods Manifest.lock */,
				9E8271E924DFFD5B00566D4E /* Sources */,
				9E8271EA24DFFD5B00566D4E /* Frameworks */,
				9E8271EB24DFFD5B00566D4E /* Resources */,
				45FF0EF646B4D644964F1599 /* [CP] Embed Pods Frameworks */,
			);
			buildRules = (
			);
			dependencies = (
			);
			name = BasicRxSwift;
			productName = BasicRxSwift;
			productReference = 9E8271ED24DFFD5B00566D4E /* BasicRxSwift.app */;
			productType = "com.apple.product-type.application";
		};
/* End PBXNativeTarget section */

/* Begin PBXProject section */
		9E8271E524DFFD5B00566D4E /* Project object */ = {
			isa = PBXProject;
			attributes = {
				LastSwiftUpdateCheck = 1140;
				LastUpgradeCheck = 1140;
				ORGANIZATIONNAME = "Fx Studio";
				TargetAttributes = {
					9E8271EC24DFFD5B00566D4E = {
						CreatedOnToolsVersion = 11.4.1;
					};
				};
			};
			buildConfigurationList = 9E8271E824DFFD5B00566D4E /* Build configuration list for PBXProject "BasicRxSwift" */;
			compatibilityVersion = "Xcode 9.3";
			developmentRegion = en;
			hasScannedForEncodings = 0;
			knownRegions = (
				en,
				Base,
			);
			mainGroup = 9E8271E424DFFD5B00566D4E;
			productRefGroup = 9E8271EE24DFFD5B00566D4E /* Products */;
			projectDirPath = "";
			projectRoot = "";
			targets = (
				9E8271EC24DFFD5B00566D4E /* BasicRxSwift */,
			);
		};
/* End PBXProject section */

/* Begin PBXResourcesBuildPhase section */
		9E8271EB24DFFD5B00566D4E /* Resources */ = {
			isa = PBXResourcesBuildPhase;
			buildActionMask = 2147483647;
			files = (
				9E1CE21024F64AE20096CC1F /* MusicListViewController.xib in Resources */,
				9E8271FD24DFFD5D00566D4E /* LaunchScreen.storyboard in Resources */,
				9E77136724F8B58E0013E6AE /* CocktailViewController.xib in Resources */,
				9E2FBB8824F90AC80055631C /* DrinksViewController.xib in Resources */,
				9E8271FA24DFFD5D00566D4E /* Assets.xcassets in Resources */,
				9E85ED4724EABA73002EBED8 /* AvatarCell.xib in Resources */,
				9E2D810A24EC197D0035F10B /* BaseViewController.xib in Resources */,
				9E2FBB8C24F90C050055631C /* DrinkCell.xib in Resources */,
				9EE3D38D24E7D7D900B70216 /* RegisterViewController.xib in Resources */,
				9E85ED4224EAB9DC002EBED8 /* ChangeAvatarViewController.xib in Resources */,
				9E6F4D2024FFA0BC00FA2053 /* WeatherCityViewController.xib in Resources */,
				9E1CE21524F64B0E0096CC1F /* MusicCell.xib in Resources */,
			);
			runOnlyForDeploymentPostprocessing = 0;
		};
/* End PBXResourcesBuildPhase section */

/* Begin PBXShellScriptBuildPhase section */
		45FF0EF646B4D644964F1599 /* [CP] Embed Pods Frameworks */ = {
			isa = PBXShellScriptBuildPhase;
			buildActionMask = 2147483647;
			files = (
			);
			inputFileListPaths = (
				"${PODS_ROOT}/Target Support Files/Pods-BasicRxSwift/Pods-BasicRxSwift-frameworks-${CONFIGURATION}-input-files.xcfilelist",
			);
			name = "[CP] Embed Pods Frameworks";
			outputFileListPaths = (
				"${PODS_ROOT}/Target Support Files/Pods-BasicRxSwift/Pods-BasicRxSwift-frameworks-${CONFIGURATION}-output-files.xcfilelist",
			);
			runOnlyForDeploymentPostprocessing = 0;
			shellPath = /bin/sh;
			shellScript = "\"${PODS_ROOT}/Target Support Files/Pods-BasicRxSwift/Pods-BasicRxSwift-frameworks.sh\"\n";
			showEnvVarsInLog = 0;
		};
		7E08D1260E43B105397DF612 /* [CP] Check Pods Manifest.lock */ = {
			isa = PBXShellScriptBuildPhase;
			buildActionMask = 2147483647;
			files = (
			);
			inputFileListPaths = (
			);
			inputPaths = (
				"${PODS_PODFILE_DIR_PATH}/Podfile.lock",
				"${PODS_ROOT}/Manifest.lock",
			);
			name = "[CP] Check Pods Manifest.lock";
			outputFileListPaths = (
			);
			outputPaths = (
				"$(DERIVED_FILE_DIR)/Pods-BasicRxSwift-checkManifestLockResult.txt",
			);
			runOnlyForDeploymentPostprocessing = 0;
			shellPath = /bin/sh;
			shellScript = "diff \"${PODS_PODFILE_DIR_PATH}/Podfile.lock\" \"${PODS_ROOT}/Manifest.lock\" > /dev/null\nif [ $? != 0 ] ; then\n    # print error to STDERR\n    echo \"error: The sandbox is not in sync with the Podfile.lock. Run 'pod install' or update your CocoaPods installation.\" >&2\n    exit 1\nfi\n# This output is used by Xcode 'outputs' to avoid re-running this script phase.\necho \"SUCCESS\" > \"${SCRIPT_OUTPUT_FILE_0}\"\n";
			showEnvVarsInLog = 0;
		};
/* End PBXShellScriptBuildPhase section */

/* Begin PBXSourcesBuildPhase section */
		9E8271E924DFFD5B00566D4E /* Sources */ = {
			isa = PBXSourcesBuildPhase;
			buildActionMask = 2147483647;
			files = (
				9E8271F124DFFD5B00566D4E /* AppDelegate.swift in Sources */,
				9EBC073124EBBABC007E3937 /* RegisterModel.swift in Sources */,
				9E6F4D2124FFA0BC00FA2053 /* WeatherCityViewController.swift in Sources */,
				9E1CE20F24F64AE20096CC1F /* MusicListViewController.swift in Sources */,
				9E2FBB8724F90AC80055631C /* DrinksViewController.swift in Sources */,
				9E85ED4124EAB9DC002EBED8 /* ChangeAvatarViewController.swift in Sources */,
				9E77136624F8B58E0013E6AE /* CocktailViewController.swift in Sources */,
				9E77137424F8BEC40013E6AE /* NetworkingError.swift in Sources */,
				9E8271F324DFFD5B00566D4E /* SceneDelegate.swift in Sources */,
				9E77137024F8BA3A0013E6AE /* Networking.swift in Sources */,
				9E2FBB8B24F90C050055631C /* DrinkCell.swift in Sources */,
				9E6F4D2624FFAAE300FA2053 /* Weather.swift in Sources */,
				9E1CE21424F64B0E0096CC1F /* MusicCell.swift in Sources */,
				9E77137224F8BE8D0013E6AE /* NetworkingResult.swift in Sources */,
				9E6F4D2324FFAAA700FA2053 /* WeatherAPI.swift in Sources */,
				9E77136E24F8B8FF0013E6AE /* Drink.swift in Sources */,
				9E235B762511F55D0019AAE2 /* CLLocationManager+Rx.swift in Sources */,
				9E2B625B24E000F50020698A /* Helper.swift in Sources */,
				9E1CE21724F651E20096CC1F /* Music.swift in Sources */,
				9E77136C24F8B88D0013E6AE /* CocktailCategory.swift in Sources */,
				9E2D810924EC197D0035F10B /* BaseViewController.swift in Sources */,
				9E85ED4624EABA73002EBED8 /* AvatarCell.swift in Sources */,
				9EE3D38C24E7D7D900B70216 /* RegisterViewController.swift in Sources */,
			);
			runOnlyForDeploymentPostprocessing = 0;
		};
/* End PBXSourcesBuildPhase section */

/* Begin PBXVariantGroup section */
		9E8271FB24DFFD5D00566D4E /* LaunchScreen.storyboard */ = {
			isa = PBXVariantGroup;
			children = (
				9E8271FC24DFFD5D00566D4E /* Base */,
			);
			name = LaunchScreen.storyboard;
			sourceTree = "<group>";
		};
/* End PBXVariantGroup section */

/* Begin XCBuildConfiguration section */
		9E8271FF24DFFD5D00566D4E /* Debug */ = {
			isa = XCBuildConfiguration;
			buildSettings = {
				ALWAYS_SEARCH_USER_PATHS = NO;
				CLANG_ANALYZER_NONNULL = YES;
				CLANG_ANALYZER_NUMBER_OBJECT_CONVERSION = YES_AGGRESSIVE;
				CLANG_CXX_LANGUAGE_STANDARD = "gnu++14";
				CLANG_CXX_LIBRARY = "libc++";
				CLANG_ENABLE_MODULES = YES;
				CLANG_ENABLE_OBJC_ARC = YES;
				CLANG_ENABLE_OBJC_WEAK = YES;
				CLANG_WARN_BLOCK_CAPTURE_AUTORELEASING = YES;
				CLANG_WARN_BOOL_CONVERSION = YES;
				CLANG_WARN_COMMA = YES;
				CLANG_WARN_CONSTANT_CONVERSION = YES;
				CLANG_WARN_DEPRECATED_OBJC_IMPLEMENTATIONS = YES;
				CLANG_WARN_DIRECT_OBJC_ISA_USAGE = YES_ERROR;
				CLANG_WARN_DOCUMENTATION_COMMENTS = YES;
				CLANG_WARN_EMPTY_BODY = YES;
				CLANG_WARN_ENUM_CONVERSION = YES;
				CLANG_WARN_INFINITE_RECURSION = YES;
				CLANG_WARN_INT_CONVERSION = YES;
				CLANG_WARN_NON_LITERAL_NULL_CONVERSION = YES;
				CLANG_WARN_OBJC_IMPLICIT_RETAIN_SELF = YES;
				CLANG_WARN_OBJC_LITERAL_CONVERSION = YES;
				CLANG_WARN_OBJC_ROOT_CLASS = YES_ERROR;
				CLANG_WARN_RANGE_LOOP_ANALYSIS = YES;
				CLANG_WARN_STRICT_PROTOTYPES = YES;
				CLANG_WARN_SUSPICIOUS_MOVE = YES;
				CLANG_WARN_UNGUARDED_AVAILABILITY = YES_AGGRESSIVE;
				CLANG_WARN_UNREACHABLE_CODE = YES;
				CLANG_WARN__DUPLICATE_METHOD_MATCH = YES;
				COPY_PHASE_STRIP = NO;
				DEBUG_INFORMATION_FORMAT = dwarf;
				ENABLE_STRICT_OBJC_MSGSEND = YES;
				ENABLE_TESTABILITY = YES;
				GCC_C_LANGUAGE_STANDARD = gnu11;
				GCC_DYNAMIC_NO_PIC = NO;
				GCC_NO_COMMON_BLOCKS = YES;
				GCC_OPTIMIZATION_LEVEL = 0;
				GCC_PREPROCESSOR_DEFINITIONS = (
					"DEBUG=1",
					"$(inherited)",
				);
				GCC_WARN_64_TO_32_BIT_CONVERSION = YES;
				GCC_WARN_ABOUT_RETURN_TYPE = YES_ERROR;
				GCC_WARN_UNDECLARED_SELECTOR = YES;
				GCC_WARN_UNINITIALIZED_AUTOS = YES_AGGRESSIVE;
				GCC_WARN_UNUSED_FUNCTION = YES;
				GCC_WARN_UNUSED_VARIABLE = YES;
				IPHONEOS_DEPLOYMENT_TARGET = 13.4;
				MTL_ENABLE_DEBUG_INFO = INCLUDE_SOURCE;
				MTL_FAST_MATH = YES;
				ONLY_ACTIVE_ARCH = YES;
				SDKROOT = iphoneos;
				SWIFT_ACTIVE_COMPILATION_CONDITIONS = DEBUG;
				SWIFT_OPTIMIZATION_LEVEL = "-Onone";
			};
			name = Debug;
		};
		9E82720024DFFD5D00566D4E /* Release */ = {
			isa = XCBuildConfiguration;
			buildSettings = {
				ALWAYS_SEARCH_USER_PATHS = NO;
				CLANG_ANALYZER_NONNULL = YES;
				CLANG_ANALYZER_NUMBER_OBJECT_CONVERSION = YES_AGGRESSIVE;
				CLANG_CXX_LANGUAGE_STANDARD = "gnu++14";
				CLANG_CXX_LIBRARY = "libc++";
				CLANG_ENABLE_MODULES = YES;
				CLANG_ENABLE_OBJC_ARC = YES;
				CLANG_ENABLE_OBJC_WEAK = YES;
				CLANG_WARN_BLOCK_CAPTURE_AUTORELEASING = YES;
				CLANG_WARN_BOOL_CONVERSION = YES;
				CLANG_WARN_COMMA = YES;
				CLANG_WARN_CONSTANT_CONVERSION = YES;
				CLANG_WARN_DEPRECATED_OBJC_IMPLEMENTATIONS = YES;
				CLANG_WARN_DIRECT_OBJC_ISA_USAGE = YES_ERROR;
				CLANG_WARN_DOCUMENTATION_COMMENTS = YES;
				CLANG_WARN_EMPTY_BODY = YES;
				CLANG_WARN_ENUM_CONVERSION = YES;
				CLANG_WARN_INFINITE_RECURSION = YES;
				CLANG_WARN_INT_CONVERSION = YES;
				CLANG_WARN_NON_LITERAL_NULL_CONVERSION = YES;
				CLANG_WARN_OBJC_IMPLICIT_RETAIN_SELF = YES;
				CLANG_WARN_OBJC_LITERAL_CONVERSION = YES;
				CLANG_WARN_OBJC_ROOT_CLASS = YES_ERROR;
				CLANG_WARN_RANGE_LOOP_ANALYSIS = YES;
				CLANG_WARN_STRICT_PROTOTYPES = YES;
				CLANG_WARN_SUSPICIOUS_MOVE = YES;
				CLANG_WARN_UNGUARDED_AVAILABILITY = YES_AGGRESSIVE;
				CLANG_WARN_UNREACHABLE_CODE = YES;
				CLANG_WARN__DUPLICATE_METHOD_MATCH = YES;
				COPY_PHASE_STRIP = NO;
				DEBUG_INFORMATION_FORMAT = "dwarf-with-dsym";
				ENABLE_NS_ASSERTIONS = NO;
				ENABLE_STRICT_OBJC_MSGSEND = YES;
				GCC_C_LANGUAGE_STANDARD = gnu11;
				GCC_NO_COMMON_BLOCKS = YES;
				GCC_WARN_64_TO_32_BIT_CONVERSION = YES;
				GCC_WARN_ABOUT_RETURN_TYPE = YES_ERROR;
				GCC_WARN_UNDECLARED_SELECTOR = YES;
				GCC_WARN_UNINITIALIZED_AUTOS = YES_AGGRESSIVE;
				GCC_WARN_UNUSED_FUNCTION = YES;
				GCC_WARN_UNUSED_VARIABLE = YES;
				IPHONEOS_DEPLOYMENT_TARGET = 13.4;
				MTL_ENABLE_DEBUG_INFO = NO;
				MTL_FAST_MATH = YES;
				SDKROOT = iphoneos;
				SWIFT_COMPILATION_MODE = wholemodule;
				SWIFT_OPTIMIZATION_LEVEL = "-O";
				VALIDATE_PRODUCT = YES;
			};
			name = Release;
		};
		9E82720224DFFD5D00566D4E /* Debug */ = {
			isa = XCBuildConfiguration;
			baseConfigurationReference = 2F38075EE5F477ED74506775 /* Pods-BasicRxSwift.debug.xcconfig */;
			buildSettings = {
				ASSETCATALOG_COMPILER_APPICON_NAME = AppIcon;
				CODE_SIGN_STYLE = Automatic;
				DEVELOPMENT_TEAM = QG598U658S;
				INFOPLIST_FILE = BasicRxSwift/Info.plist;
				LD_RUNPATH_SEARCH_PATHS = (
					"$(inherited)",
					"@executable_path/Frameworks",
				);
				PRODUCT_BUNDLE_IDENTIFIER = com.fx.BasicRxSwift;
				PRODUCT_NAME = "$(TARGET_NAME)";
				SWIFT_VERSION = 5.0;
				TARGETED_DEVICE_FAMILY = "1,2";
			};
			name = Debug;
		};
		9E82720324DFFD5D00566D4E /* Release */ = {
			isa = XCBuildConfiguration;
			baseConfigurationReference = CC5B211EEA9EC719146C8C44 /* Pods-BasicRxSwift.release.xcconfig */;
			buildSettings = {
				ASSETCATALOG_COMPILER_APPICON_NAME = AppIcon;
				CODE_SIGN_STYLE = Automatic;
				DEVELOPMENT_TEAM = QG598U658S;
				INFOPLIST_FILE = BasicRxSwift/Info.plist;
				LD_RUNPATH_SEARCH_PATHS = (
					"$(inherited)",
					"@executable_path/Frameworks",
				);
				PRODUCT_BUNDLE_IDENTIFIER = com.fx.BasicRxSwift;
				PRODUCT_NAME = "$(TARGET_NAME)";
				SWIFT_VERSION = 5.0;
				TARGETED_DEVICE_FAMILY = "1,2";
			};
			name = Release;
		};
/* End XCBuildConfiguration section */

/* Begin XCConfigurationList section */
		9E8271E824DFFD5B00566D4E /* Build configuration list for PBXProject "BasicRxSwift" */ = {
			isa = XCConfigurationList;
			buildConfigurations = (
				9E8271FF24DFFD5D00566D4E /* Debug */,
				9E82720024DFFD5D00566D4E /* Release */,
			);
			defaultConfigurationIsVisible = 0;
			defaultConfigurationName = Release;
		};
		9E82720124DFFD5D00566D4E /* Build configuration list for PBXNativeTarget "BasicRxSwift" */ = {
			isa = XCConfigurationList;
			buildConfigurations = (
				9E82720224DFFD5D00566D4E /* Debug */,
				9E82720324DFFD5D00566D4E /* Release */,
			);
			defaultConfigurationIsVisible = 0;
			defaultConfigurationName = Release;
		};
/* End XCConfigurationList section */
	};
	rootObject = 9E8271E524DFFD5B00566D4E /* Project object */;
}
