// !$*UTF8*$!
{
	archiveVersion = 1;
	classes = {
	};
	objectVersion = 51;
	objects = {

/* Begin PBXBuildFile section */
		1BB599C3E09A54A62BA46DE7 /* Pods_BasicRxSwift.framework in Frameworks */ = {isa = PBXBuildFile; fileRef = 2883B6787E7A8140A3E15B95 /* Pods_BasicRxSwift.framework */; };
		9E2B625B24E000F50020698A /* Helper.swift in Sources */ = {isa = PBXBuildFile; fileRef = 9E2B625A24E000F50020698A /* Helper.swift */; };
		9E8271F124DFFD5B00566D4E /* AppDelegate.swift in Sources */ = {isa = PBXBuildFile; fileRef = 9E8271F024DFFD5B00566D4E /* AppDelegate.swift */; };
		9E8271F324DFFD5B00566D4E /* SceneDelegate.swift in Sources */ = {isa = PBXBuildFile; fileRef = 9E8271F224DFFD5B00566D4E /* SceneDelegate.swift */; };
		9E8271FA24DFFD5D00566D4E /* Assets.xcassets in Resources */ = {isa = PBXBuildFile; fileRef = 9E8271F924DFFD5D00566D4E /* Assets.xcassets */; };
		9E8271FD24DFFD5D00566D4E /* LaunchScreen.storyboard in Resources */ = {isa = PBXBuildFile; fileRef = 9E8271FB24DFFD5D00566D4E /* LaunchScreen.storyboard */; };
		9E85ED4124EAB9DC002EBED8 /* ChangeAvatarViewController.swift in Sources */ = {isa = PBXBuildFile; fileRef = 9E85ED3F24EAB9DC002EBED8 /* ChangeAvatarViewController.swift */; };
		9E85ED4224EAB9DC002EBED8 /* ChangeAvatarViewController.xib in Resources */ = {isa = PBXBuildFile; fileRef = 9E85ED4024EAB9DC002EBED8 /* ChangeAvatarViewController.xib */; };
		9E85ED4624EABA73002EBED8 /* AvatarCell.swift in Sources */ = {isa = PBXBuildFile; fileRef = 9E85ED4424EABA73002EBED8 /* AvatarCell.swift */; };
		9E85ED4724EABA73002EBED8 /* AvatarCell.xib in Resources */ = {isa = PBXBuildFile; fileRef = 9E85ED4524EABA73002EBED8 /* AvatarCell.xib */; };
		9EBC073124EBBABC007E3937 /* RegisterModel.swift in Sources */ = {isa = PBXBuildFile; fileRef = 9EBC073024EBBABC007E3937 /* RegisterModel.swift */; };
		9EE3D38C24E7D7D900B70216 /* RegisterViewController.swift in Sources */ = {isa = PBXBuildFile; fileRef = 9EE3D38A24E7D7D900B70216 /* RegisterViewController.swift */; };
		9EE3D38D24E7D7D900B70216 /* RegisterViewController.xib in Resources */ = {isa = PBXBuildFile; fileRef = 9EE3D38B24E7D7D900B70216 /* RegisterViewController.xib */; };
/* End PBXBuildFile section */

/* Begin PBXFileReference section */
		2883B6787E7A8140A3E15B95 /* Pods_BasicRxSwift.framework */ = {isa = PBXFileReference; explicitFileType = wrapper.framework; includeInIndex = 0; path = Pods_BasicRxSwift.framework; sourceTree = BUILT_PRODUCTS_DIR; };
		2F38075EE5F477ED74506775 /* Pods-BasicRxSwift.debug.xcconfig */ = {isa = PBXFileReference; includeInIndex = 1; lastKnownFileType = text.xcconfig; name = "Pods-BasicRxSwift.debug.xcconfig"; path = "Target Support Files/Pods-BasicRxSwift/Pods-BasicRxSwift.debug.xcconfig"; sourceTree = "<group>"; };
		9E2B625A24E000F50020698A /* Helper.swift */ = {isa = PBXFileReference; lastKnownFileType = sourcecode.swift; path = Helper.swift; sourceTree = "<group>"; };
		9E492D6B24E57DA600F08820 /* Subjects.playground */ = {isa = PBXFileReference; lastKnownFileType = file.playground; path = Subjects.playground; sourceTree = "<group>"; xcLanguageSpecificationIdentifier = xcode.lang.swift; };
		9E6C192724E4C3C300A19DE6 /* DisposeBag.playground */ = {isa = PBXFileReference; lastKnownFileType = file.playground; path = DisposeBag.playground; sourceTree = "<group>"; xcLanguageSpecificationIdentifier = xcode.lang.swift; };
		9E6C192824E4E6EE00A19DE6 /* Factories.playground */ = {isa = PBXFileReference; lastKnownFileType = file.playground; path = Factories.playground; sourceTree = "<group>"; xcLanguageSpecificationIdentifier = xcode.lang.swift; };
		9E6C192924E4F5DD00A19DE6 /* Traits.playground */ = {isa = PBXFileReference; lastKnownFileType = file.playground; path = Traits.playground; sourceTree = "<group>"; xcLanguageSpecificationIdentifier = xcode.lang.swift; };
		9E8271ED24DFFD5B00566D4E /* BasicRxSwift.app */ = {isa = PBXFileReference; explicitFileType = wrapper.application; includeInIndex = 0; path = BasicRxSwift.app; sourceTree = BUILT_PRODUCTS_DIR; };
		9E8271F024DFFD5B00566D4E /* AppDelegate.swift */ = {isa = PBXFileReference; lastKnownFileType = sourcecode.swift; path = AppDelegate.swift; sourceTree = "<group>"; };
		9E8271F224DFFD5B00566D4E /* SceneDelegate.swift */ = {isa = PBXFileReference; lastKnownFileType = sourcecode.swift; path = SceneDelegate.swift; sourceTree = "<group>"; };
		9E8271F924DFFD5D00566D4E /* Assets.xcassets */ = {isa = PBXFileReference; lastKnownFileType = folder.assetcatalog; path = Assets.xcassets; sourceTree = "<group>"; };
		9E8271FC24DFFD5D00566D4E /* Base */ = {isa = PBXFileReference; lastKnownFileType = file.storyboard; name = Base; path = Base.lproj/LaunchScreen.storyboard; sourceTree = "<group>"; };
		9E8271FE24DFFD5D00566D4E /* Info.plist */ = {isa = PBXFileReference; lastKnownFileType = text.plist.xml; path = Info.plist; sourceTree = "<group>"; };
		9E82720424DFFEDE00566D4E /* HelloRx.playground */ = {isa = PBXFileReference; lastKnownFileType = file.playground; path = HelloRx.playground; sourceTree = "<group>"; xcLanguageSpecificationIdentifier = xcode.lang.swift; };
		9E85ED3F24EAB9DC002EBED8 /* ChangeAvatarViewController.swift */ = {isa = PBXFileReference; lastKnownFileType = sourcecode.swift; path = ChangeAvatarViewController.swift; sourceTree = "<group>"; };
		9E85ED4024EAB9DC002EBED8 /* ChangeAvatarViewController.xib */ = {isa = PBXFileReference; lastKnownFileType = file.xib; path = ChangeAvatarViewController.xib; sourceTree = "<group>"; };
		9E85ED4424EABA73002EBED8 /* AvatarCell.swift */ = {isa = PBXFileReference; lastKnownFileType = sourcecode.swift; path = AvatarCell.swift; sourceTree = "<group>"; };
		9E85ED4524EABA73002EBED8 /* AvatarCell.xib */ = {isa = PBXFileReference; lastKnownFileType = file.xib; path = AvatarCell.xib; sourceTree = "<group>"; };
		9EBC073024EBBABC007E3937 /* RegisterModel.swift */ = {isa = PBXFileReference; lastKnownFileType = sourcecode.swift; path = RegisterModel.swift; sourceTree = "<group>"; };
		9EE3D38A24E7D7D900B70216 /* RegisterViewController.swift */ = {isa = PBXFileReference; lastKnownFileType = sourcecode.swift; path = RegisterViewController.swift; sourceTree = "<group>"; };
		9EE3D38B24E7D7D900B70216 /* RegisterViewController.xib */ = {isa = PBXFileReference; lastKnownFileType = file.xib; path = RegisterViewController.xib; sourceTree = "<group>"; };
		9EF7736A24E250DF00CEFCE9 /* Observables.playground */ = {isa = PBXFileReference; lastKnownFileType = file.playground; path = Observables.playground; sourceTree = "<group>"; xcLanguageSpecificationIdentifier = xcode.lang.swift; };
		CC5B211EEA9EC719146C8C44 /* Pods-BasicRxSwift.release.xcconfig */ = {isa = PBXFileReference; includeInIndex = 1; lastKnownFileType = text.xcconfig; name = "Pods-BasicRxSwift.release.xcconfig"; path = "Target Support Files/Pods-BasicRxSwift/Pods-BasicRxSwift.release.xcconfig"; sourceTree = "<group>"; };
/* End PBXFileReference section */

/* Begin PBXFrameworksBuildPhase section */
		9E8271EA24DFFD5B00566D4E /* Frameworks */ = {
			isa = PBXFrameworksBuildPhase;
			buildActionMask = 2147483647;
			files = (
				1BB599C3E09A54A62BA46DE7 /* Pods_BasicRxSwift.framework in Frameworks */,
			);
			runOnlyForDeploymentPostprocessing = 0;
		};
/* End PBXFrameworksBuildPhase section */

/* Begin PBXGroup section */
		060B78E8989B55FFA66D5D13 /* Pods */ = {
			isa = PBXGroup;
			children = (
				2F38075EE5F477ED74506775 /* Pods-BasicRxSwift.debug.xcconfig */,
				CC5B211EEA9EC719146C8C44 /* Pods-BasicRxSwift.release.xcconfig */,
			);
			path = Pods;
			sourceTree = "<group>";
		};
		28A788A7FD5014F6E88E4D89 /* Frameworks */ = {
			isa = PBXGroup;
			children = (
				2883B6787E7A8140A3E15B95 /* Pods_BasicRxSwift.framework */,
			);
			name = Frameworks;
			sourceTree = "<group>";
		};
		9E1350EF24E7D8CC000232DF /* Resources */ = {
			isa = PBXGroup;
			children = (
				9E8271F924DFFD5D00566D4E /* Assets.xcassets */,
				9E8271FB24DFFD5D00566D4E /* LaunchScreen.storyboard */,
			);
			path = Resources;
			sourceTree = "<group>";
		};
		9E8271E424DFFD5B00566D4E = {
			isa = PBXGroup;
			children = (
				9E82720424DFFEDE00566D4E /* HelloRx.playground */,
				9EF7736A24E250DF00CEFCE9 /* Observables.playground */,
				9E6C192724E4C3C300A19DE6 /* DisposeBag.playground */,
				9E6C192824E4E6EE00A19DE6 /* Factories.playground */,
				9E6C192924E4F5DD00A19DE6 /* Traits.playground */,
				9E492D6B24E57DA600F08820 /* Subjects.playground */,
				9E8271EF24DFFD5B00566D4E /* BasicRxSwift */,
				9E8271EE24DFFD5B00566D4E /* Products */,
				060B78E8989B55FFA66D5D13 /* Pods */,
				28A788A7FD5014F6E88E4D89 /* Frameworks */,
			);
			sourceTree = "<group>";
		};
		9E8271EE24DFFD5B00566D4E /* Products */ = {
			isa = PBXGroup;
			children = (
				9E8271ED24DFFD5B00566D4E /* BasicRxSwift.app */,
			);
			name = Products;
			sourceTree = "<group>";
		};
		9E8271EF24DFFD5B00566D4E /* BasicRxSwift */ = {
			isa = PBXGroup;
			children = (
				9EE3D38724E7D77300B70216 /* AppDelegate */,
				9E82720524DFFF2000566D4E /* Helper */,
				9EBC072F24EBBA93007E3937 /* Models */,
				9EE3D38824E7D7B100B70216 /* Controllers */,
				9E1350EF24E7D8CC000232DF /* Resources */,
				9E8271FE24DFFD5D00566D4E /* Info.plist */,
			);
			path = BasicRxSwift;
			sourceTree = "<group>";
		};
		9E82720524DFFF2000566D4E /* Helper */ = {
			isa = PBXGroup;
			children = (
				9E2B625A24E000F50020698A /* Helper.swift */,
			);
			path = Helper;
			sourceTree = "<group>";
		};
		9E85ED3E24EAB9B6002EBED8 /* ChangeAvatar */ = {
			isa = PBXGroup;
			children = (
				9E85ED4324EABA4D002EBED8 /* Cell */,
				9E85ED3F24EAB9DC002EBED8 /* ChangeAvatarViewController.swift */,
				9E85ED4024EAB9DC002EBED8 /* ChangeAvatarViewController.xib */,
			);
			path = ChangeAvatar;
			sourceTree = "<group>";
		};
		9E85ED4324EABA4D002EBED8 /* Cell */ = {
			isa = PBXGroup;
			children = (
				9E85ED4424EABA73002EBED8 /* AvatarCell.swift */,
				9E85ED4524EABA73002EBED8 /* AvatarCell.xib */,
			);
			path = Cell;
			sourceTree = "<group>";
		};
		9EBC072F24EBBA93007E3937 /* Models */ = {
			isa = PBXGroup;
			children = (
				9EBC073024EBBABC007E3937 /* RegisterModel.swift */,
			);
			path = Models;
			sourceTree = "<group>";
		};
		9EE3D38724E7D77300B70216 /* AppDelegate */ = {
			isa = PBXGroup;
			children = (
				9E8271F024DFFD5B00566D4E /* AppDelegate.swift */,
				9E8271F224DFFD5B00566D4E /* SceneDelegate.swift */,
			);
			path = AppDelegate;
			sourceTree = "<group>";
		};
		9EE3D38824E7D7B100B70216 /* Controllers */ = {
			isa = PBXGroup;
			children = (
				9E85ED3E24EAB9B6002EBED8 /* ChangeAvatar */,
				9EE3D38924E7D7BF00B70216 /* Register */,
			);
			path = Controllers;
			sourceTree = "<group>";
		};
		9EE3D38924E7D7BF00B70216 /* Register */ = {
			isa = PBXGroup;
			children = (
				9EE3D38A24E7D7D900B70216 /* RegisterViewController.swift */,
				9EE3D38B24E7D7D900B70216 /* RegisterViewController.xib */,
			);
			path = Register;
			sourceTree = "<group>";
		};
/* End PBXGroup section */

/* Begin PBXNativeTarget section */
		9E8271EC24DFFD5B00566D4E /* BasicRxSwift */ = {
			isa = PBXNativeTarget;
			buildConfigurationList = 9E82720124DFFD5D00566D4E /* Build configuration list for PBXNativeTarget "BasicRxSwift" */;
			buildPhases = (
				7E08D1260E43B105397DF612 /* [CP] Check Pods Manifest.lock */,
				9E8271E924DFFD5B00566D4E /* Sources */,
				9E8271EA24DFFD5B00566D4E /* Frameworks */,
				9E8271EB24DFFD5B00566D4E /* Resources */,
				45FF0EF646B4D644964F1599 /* [CP] Embed Pods Frameworks */,
			);
			buildRules = (
			);
			dependencies = (
			);
			name = BasicRxSwift;
			productName = BasicRxSwift;
			productReference = 9E8271ED24DFFD5B00566D4E /* BasicRxSwift.app */;
			productType = "com.apple.product-type.application";
		};
/* End PBXNativeTarget section */

/* Begin PBXProject section */
		9E8271E524DFFD5B00566D4E /* Project object */ = {
			isa = PBXProject;
			attributes = {
				LastSwiftUpdateCheck = 1140;
				LastUpgradeCheck = 1140;
				ORGANIZATIONNAME = "Fx Studio";
				TargetAttributes = {
					9E8271EC24DFFD5B00566D4E = {
						CreatedOnToolsVersion = 11.4.1;
					};
				};
			};
			buildConfigurationList = 9E8271E824DFFD5B00566D4E /* Build configuration list for PBXProject "BasicRxSwift" */;
			compatibilityVersion = "Xcode 9.3";
			developmentRegion = en;
			hasScannedForEncodings = 0;
			knownRegions = (
				en,
				Base,
			);
			mainGroup = 9E8271E424DFFD5B00566D4E;
			productRefGroup = 9E8271EE24DFFD5B00566D4E /* Products */;
			projectDirPath = "";
			projectRoot = "";
			targets = (
				9E8271EC24DFFD5B00566D4E /* BasicRxSwift */,
			);
		};
/* End PBXProject section */

/* Begin PBXResourcesBuildPhase section */
		9E8271EB24DFFD5B00566D4E /* Resources */ = {
			isa = PBXResourcesBuildPhase;
			buildActionMask = 2147483647;
			files = (
				9E8271FD24DFFD5D00566D4E /* LaunchScreen.storyboard in Resources */,
				9E8271FA24DFFD5D00566D4E /* Assets.xcassets in Resources */,
				9E85ED4724EABA73002EBED8 /* AvatarCell.xib in Resources */,
				9EE3D38D24E7D7D900B70216 /* RegisterViewController.xib in Resources */,
				9E85ED4224EAB9DC002EBED8 /* ChangeAvatarViewController.xib in Resources */,
			);
			runOnlyForDeploymentPostprocessing = 0;
		};
/* End PBXResourcesBuildPhase section */

/* Begin PBXShellScriptBuildPhase section */
		45FF0EF646B4D644964F1599 /* [CP] Embed Pods Frameworks */ = {
			isa = PBXShellScriptBuildPhase;
			buildActionMask = 2147483647;
			files = (
			);
			inputFileListPaths = (
				"${PODS_ROOT}/Target Support Files/Pods-BasicRxSwift/Pods-BasicRxSwift-frameworks-${CONFIGURATION}-input-files.xcfilelist",
			);
			name = "[CP] Embed Pods Frameworks";
			outputFileListPaths = (
				"${PODS_ROOT}/Target Support Files/Pods-BasicRxSwift/Pods-BasicRxSwift-frameworks-${CONFIGURATION}-output-files.xcfilelist",
			);
			runOnlyForDeploymentPostprocessing = 0;
			shellPath = /bin/sh;
			shellScript = "\"${PODS_ROOT}/Target Support Files/Pods-BasicRxSwift/Pods-BasicRxSwift-frameworks.sh\"\n";
			showEnvVarsInLog = 0;
		};
		7E08D1260E43B105397DF612 /* [CP] Check Pods Manifest.lock */ = {
			isa = PBXShellScriptBuildPhase;
			buildActionMask = 2147483647;
			files = (
			);
			inputFileListPaths = (
			);
			inputPaths = (
				"${PODS_PODFILE_DIR_PATH}/Podfile.lock",
				"${PODS_ROOT}/Manifest.lock",
			);
			name = "[CP] Check Pods Manifest.lock";
			outputFileListPaths = (
			);
			outputPaths = (
				"$(DERIVED_FILE_DIR)/Pods-BasicRxSwift-checkManifestLockResult.txt",
			);
			runOnlyForDeploymentPostprocessing = 0;
			shellPath = /bin/sh;
			shellScript = "diff \"${PODS_PODFILE_DIR_PATH}/Podfile.lock\" \"${PODS_ROOT}/Manifest.lock\" > /dev/null\nif [ $? != 0 ] ; then\n    # print error to STDERR\n    echo \"error: The sandbox is not in sync with the Podfile.lock. Run 'pod install' or update your CocoaPods installation.\" >&2\n    exit 1\nfi\n# This output is used by Xcode 'outputs' to avoid re-running this script phase.\necho \"SUCCESS\" > \"${SCRIPT_OUTPUT_FILE_0}\"\n";
			showEnvVarsInLog = 0;
		};
/* End PBXShellScriptBuildPhase section */

/* Begin PBXSourcesBuildPhase section */
		9E8271E924DFFD5B00566D4E /* Sources */ = {
			isa = PBXSourcesBuildPhase;
			buildActionMask = 2147483647;
			files = (
				9E8271F124DFFD5B00566D4E /* AppDelegate.swift in Sources */,
				9EBC073124EBBABC007E3937 /* RegisterModel.swift in Sources */,
				9E85ED4124EAB9DC002EBED8 /* ChangeAvatarViewController.swift in Sources */,
				9E8271F324DFFD5B00566D4E /* SceneDelegate.swift in Sources */,
				9E2B625B24E000F50020698A /* Helper.swift in Sources */,
				9E85ED4624EABA73002EBED8 /* AvatarCell.swift in Sources */,
				9EE3D38C24E7D7D900B70216 /* RegisterViewController.swift in Sources */,
			);
			runOnlyForDeploymentPostprocessing = 0;
		};
/* End PBXSourcesBuildPhase section */

/* Begin PBXVariantGroup section */
		9E8271FB24DFFD5D00566D4E /* LaunchScreen.storyboard */ = {
			isa = PBXVariantGroup;
			children = (
				9E8271FC24DFFD5D00566D4E /* Base */,
			);
			name = LaunchScreen.storyboard;
			sourceTree = "<group>";
		};
/* End PBXVariantGroup section */

/* Begin XCBuildConfiguration section */
		9E8271FF24DFFD5D00566D4E /* Debug */ = {
			isa = XCBuildConfiguration;
			buildSettings = {
				ALWAYS_SEARCH_USER_PATHS = NO;
				CLANG_ANALYZER_NONNULL = YES;
				CLANG_ANALYZER_NUMBER_OBJECT_CONVERSION = YES_AGGRESSIVE;
				CLANG_CXX_LANGUAGE_STANDARD = "gnu++14";
				CLANG_CXX_LIBRARY = "libc++";
				CLANG_ENABLE_MODULES = YES;
				CLANG_ENABLE_OBJC_ARC = YES;
				CLANG_ENABLE_OBJC_WEAK = YES;
				CLANG_WARN_BLOCK_CAPTURE_AUTORELEASING = YES;
				CLANG_WARN_BOOL_CONVERSION = YES;
				CLANG_WARN_COMMA = YES;
				CLANG_WARN_CONSTANT_CONVERSION = YES;
				CLANG_WARN_DEPRECATED_OBJC_IMPLEMENTATIONS = YES;
				CLANG_WARN_DIRECT_OBJC_ISA_USAGE = YES_ERROR;
				CLANG_WARN_DOCUMENTATION_COMMENTS = YES;
				CLANG_WARN_EMPTY_BODY = YES;
				CLANG_WARN_ENUM_CONVERSION = YES;
				CLANG_WARN_INFINITE_RECURSION = YES;
				CLANG_WARN_INT_CONVERSION = YES;
				CLANG_WARN_NON_LITERAL_NULL_CONVERSION = YES;
				CLANG_WARN_OBJC_IMPLICIT_RETAIN_SELF = YES;
				CLANG_WARN_OBJC_LITERAL_CONVERSION = YES;
				CLANG_WARN_OBJC_ROOT_CLASS = YES_ERROR;
				CLANG_WARN_RANGE_LOOP_ANALYSIS = YES;
				CLANG_WARN_STRICT_PROTOTYPES = YES;
				CLANG_WARN_SUSPICIOUS_MOVE = YES;
				CLANG_WARN_UNGUARDED_AVAILABILITY = YES_AGGRESSIVE;
				CLANG_WARN_UNREACHABLE_CODE = YES;
				CLANG_WARN__DUPLICATE_METHOD_MATCH = YES;
				COPY_PHASE_STRIP = NO;
				DEBUG_INFORMATION_FORMAT = dwarf;
				ENABLE_STRICT_OBJC_MSGSEND = YES;
				ENABLE_TESTABILITY = YES;
				GCC_C_LANGUAGE_STANDARD = gnu11;
				GCC_DYNAMIC_NO_PIC = NO;
				GCC_NO_COMMON_BLOCKS = YES;
				GCC_OPTIMIZATION_LEVEL = 0;
				GCC_PREPROCESSOR_DEFINITIONS = (
					"DEBUG=1",
					"$(inherited)",
				);
				GCC_WARN_64_TO_32_BIT_CONVERSION = YES;
				GCC_WARN_ABOUT_RETURN_TYPE = YES_ERROR;
				GCC_WARN_UNDECLARED_SELECTOR = YES;
				GCC_WARN_UNINITIALIZED_AUTOS = YES_AGGRESSIVE;
				GCC_WARN_UNUSED_FUNCTION = YES;
				GCC_WARN_UNUSED_VARIABLE = YES;
				IPHONEOS_DEPLOYMENT_TARGET = 13.4;
				MTL_ENABLE_DEBUG_INFO = INCLUDE_SOURCE;
				MTL_FAST_MATH = YES;
				ONLY_ACTIVE_ARCH = YES;
				SDKROOT = iphoneos;
				SWIFT_ACTIVE_COMPILATION_CONDITIONS = DEBUG;
				SWIFT_OPTIMIZATION_LEVEL = "-Onone";
			};
			name = Debug;
		};
		9E82720024DFFD5D00566D4E /* Release */ = {
			isa = XCBuildConfiguration;
			buildSettings = {
				ALWAYS_SEARCH_USER_PATHS = NO;
				CLANG_ANALYZER_NONNULL = YES;
				CLANG_ANALYZER_NUMBER_OBJECT_CONVERSION = YES_AGGRESSIVE;
				CLANG_CXX_LANGUAGE_STANDARD = "gnu++14";
				CLANG_CXX_LIBRARY = "libc++";
				CLANG_ENABLE_MODULES = YES;
				CLANG_ENABLE_OBJC_ARC = YES;
				CLANG_ENABLE_OBJC_WEAK = YES;
				CLANG_WARN_BLOCK_CAPTURE_AUTORELEASING = YES;
				CLANG_WARN_BOOL_CONVERSION = YES;
				CLANG_WARN_COMMA = YES;
				CLANG_WARN_CONSTANT_CONVERSION = YES;
				CLANG_WARN_DEPRECATED_OBJC_IMPLEMENTATIONS = YES;
				CLANG_WARN_DIRECT_OBJC_ISA_USAGE = YES_ERROR;
				CLANG_WARN_DOCUMENTATION_COMMENTS = YES;
				CLANG_WARN_EMPTY_BODY = YES;
				CLANG_WARN_ENUM_CONVERSION = YES;
				CLANG_WARN_INFINITE_RECURSION = YES;
				CLANG_WARN_INT_CONVERSION = YES;
				CLANG_WARN_NON_LITERAL_NULL_CONVERSION = YES;
				CLANG_WARN_OBJC_IMPLICIT_RETAIN_SELF = YES;
				CLANG_WARN_OBJC_LITERAL_CONVERSION = YES;
				CLANG_WARN_OBJC_ROOT_CLASS = YES_ERROR;
				CLANG_WARN_RANGE_LOOP_ANALYSIS = YES;
				CLANG_WARN_STRICT_PROTOTYPES = YES;
				CLANG_WARN_SUSPICIOUS_MOVE = YES;
				CLANG_WARN_UNGUARDED_AVAILABILITY = YES_AGGRESSIVE;
				CLANG_WARN_UNREACHABLE_CODE = YES;
				CLANG_WARN__DUPLICATE_METHOD_MATCH = YES;
				COPY_PHASE_STRIP = NO;
				DEBUG_INFORMATION_FORMAT = "dwarf-with-dsym";
				ENABLE_NS_ASSERTIONS = NO;
				ENABLE_STRICT_OBJC_MSGSEND = YES;
				GCC_C_LANGUAGE_STANDARD = gnu11;
				GCC_NO_COMMON_BLOCKS = YES;
				GCC_WARN_64_TO_32_BIT_CONVERSION = YES;
				GCC_WARN_ABOUT_RETURN_TYPE = YES_ERROR;
				GCC_WARN_UNDECLARED_SELECTOR = YES;
				GCC_WARN_UNINITIALIZED_AUTOS = YES_AGGRESSIVE;
				GCC_WARN_UNUSED_FUNCTION = YES;
				GCC_WARN_UNUSED_VARIABLE = YES;
				IPHONEOS_DEPLOYMENT_TARGET = 13.4;
				MTL_ENABLE_DEBUG_INFO = NO;
				MTL_FAST_MATH = YES;
				SDKROOT = iphoneos;
				SWIFT_COMPILATION_MODE = wholemodule;
				SWIFT_OPTIMIZATION_LEVEL = "-O";
				VALIDATE_PRODUCT = YES;
			};
			name = Release;
		};
		9E82720224DFFD5D00566D4E /* Debug */ = {
			isa = XCBuildConfiguration;
			baseConfigurationReference = 2F38075EE5F477ED74506775 /* Pods-BasicRxSwift.debug.xcconfig */;
			buildSettings = {
				ASSETCATALOG_COMPILER_APPICON_NAME = AppIcon;
				CODE_SIGN_STYLE = Automatic;
				DEVELOPMENT_TEAM = QG598U658S;
				INFOPLIST_FILE = BasicRxSwift/Info.plist;
				LD_RUNPATH_SEARCH_PATHS = (
					"$(inherited)",
					"@executable_path/Frameworks",
				);
				PRODUCT_BUNDLE_IDENTIFIER = com.fx.BasicRxSwift;
				PRODUCT_NAME = "$(TARGET_NAME)";
				SWIFT_VERSION = 5.0;
				TARGETED_DEVICE_FAMILY = "1,2";
			};
			name = Debug;
		};
		9E82720324DFFD5D00566D4E /* Release */ = {
			isa = XCBuildConfiguration;
			baseConfigurationReference = CC5B211EEA9EC719146C8C44 /* Pods-BasicRxSwift.release.xcconfig */;
			buildSettings = {
				ASSETCATALOG_COMPILER_APPICON_NAME = AppIcon;
				CODE_SIGN_STYLE = Automatic;
				DEVELOPMENT_TEAM = QG598U658S;
				INFOPLIST_FILE = BasicRxSwift/Info.plist;
				LD_RUNPATH_SEARCH_PATHS = (
					"$(inherited)",
					"@executable_path/Frameworks",
				);
				PRODUCT_BUNDLE_IDENTIFIER = com.fx.BasicRxSwift;
				PRODUCT_NAME = "$(TARGET_NAME)";
				SWIFT_VERSION = 5.0;
				TARGETED_DEVICE_FAMILY = "1,2";
			};
			name = Release;
		};
/* End XCBuildConfiguration section */

/* Begin XCConfigurationList section */
		9E8271E824DFFD5B00566D4E /* Build configuration list for PBXProject "BasicRxSwift" */ = {
			isa = XCConfigurationList;
			buildConfigurations = (
				9E8271FF24DFFD5D00566D4E /* Debug */,
				9E82720024DFFD5D00566D4E /* Release */,
			);
			defaultConfigurationIsVisible = 0;
			defaultConfigurationName = Release;
		};
		9E82720124DFFD5D00566D4E /* Build configuration list for PBXNativeTarget "BasicRxSwift" */ = {
			isa = XCConfigurationList;
			buildConfigurations = (
				9E82720224DFFD5D00566D4E /* Debug */,
				9E82720324DFFD5D00566D4E /* Release */,
			);
			defaultConfigurationIsVisible = 0;
			defaultConfigurationName = Release;
		};
/* End XCConfigurationList section */
	};
	rootObject = 9E8271E524DFFD5B00566D4E /* Project object */;
}
